
Microsoft Visual Studio Solution File, Format Version 12.00
# Visual Studio Version 17
VisualStudioVersion = 17.0.31912.275
MinimumVisualStudioVersion = 10.0.40219.1
Project("{FAE04EC0-301F-11D3-BF4B-00C04F79EFBC}") = "StefaniaMAntuano.Empleados", "StefaniaMAntuano.Empleados\StefaniaMAntuano.Empleados.csproj", "{CBB5E5BD-9503-4BA9-898E-D6B115A3D92C}"
EndProject
Global
	GlobalSection(SolutionConfigurationPlatforms) = preSolution
		Debug|Any CPU = Debug|Any CPU
		Release|Any CPU = Release|Any CPU
	EndGlobalSection
	GlobalSection(ProjectConfigurationPlatforms) = postSolution
		{CBB5E5BD-9503-4BA9-898E-D6B115A3D92C}.Debug|Any CPU.ActiveCfg = Debug|Any CPU
		{CBB5E5BD-9503-4BA9-898E-D6B115A3D92C}.Debug|Any CPU.Build.0 = Debug|Any CPU
		{CBB5E5BD-9503-4BA9-898E-D6B115A3D92C}.Release|Any CPU.ActiveCfg = Release|Any CPU
		{CBB5E5BD-9503-4BA9-898E-D6B115A3D92C}.Release|Any CPU.Build.0 = Release|Any CPU
	EndGlobalSection
	GlobalSection(SolutionProperties) = preSolution
		HideSolutionNode = FALSE
	EndGlobalSection
	GlobalSection(ExtensibilityGlobals) = postSolution
		SolutionGuid = {E5F23913-048D-469C-82A9-5EB6FD5EC160}
	EndGlobalSection
EndGlobal
